
Microsoft Visual Studio Solution File, Format Version 12.00
# Visual Studio Version 17
VisualStudioVersion = 17.8.34330.188
MinimumVisualStudioVersion = 10.0.40219.1
Project("{9A19103F-16F7-4668-BE54-9A1E7A4F7556}") = "IAmHungry.WebApi", "IAmHungry.WebApi\IAmHungry.WebApi.csproj", "{6404B789-E03F-4F86-8B9C-D6A54EC63647}"
EndProject
Project("{9A19103F-16F7-4668-BE54-9A1E7A4F7556}") = "IAmHungry.Domain", "IAmHungry.Domain\IAmHungry.Domain.csproj", "{09F3D426-A0A2-460C-B959-6FBC29D5D662}"
EndProject
Project("{9A19103F-16F7-4668-BE54-9A1E7A4F7556}") = "IAmHungry.Application", "IAmHungry.Application\IAmHungry.Application.csproj", "{AFC4AFA1-B225-430B-A578-F3342868ACF8}"
EndProject
Project("{9A19103F-16F7-4668-BE54-9A1E7A4F7556}") = "IAmHungry.ApplicationTest", "IAmHungry.ApplicationTest\IAmHungry.ApplicationTest.csproj", "{4BD32562-D3C6-427D-9A8E-B8764DE6F09F}"
EndProject
Global
	GlobalSection(SolutionConfigurationPlatforms) = preSolution
		Debug|Any CPU = Debug|Any CPU
		Release|Any CPU = Release|Any CPU
	EndGlobalSection
	GlobalSection(ProjectConfigurationPlatforms) = postSolution
		{6404B789-E03F-4F86-8B9C-D6A54EC63647}.Debug|Any CPU.ActiveCfg = Debug|Any CPU
		{6404B789-E03F-4F86-8B9C-D6A54EC63647}.Debug|Any CPU.Build.0 = Debug|Any CPU
		{6404B789-E03F-4F86-8B9C-D6A54EC63647}.Release|Any CPU.ActiveCfg = Release|Any CPU
		{6404B789-E03F-4F86-8B9C-D6A54EC63647}.Release|Any CPU.Build.0 = Release|Any CPU
		{09F3D426-A0A2-460C-B959-6FBC29D5D662}.Debug|Any CPU.ActiveCfg = Debug|Any CPU
		{09F3D426-A0A2-460C-B959-6FBC29D5D662}.Debug|Any CPU.Build.0 = Debug|Any CPU
		{09F3D426-A0A2-460C-B959-6FBC29D5D662}.Release|Any CPU.ActiveCfg = Release|Any CPU
		{09F3D426-A0A2-460C-B959-6FBC29D5D662}.Release|Any CPU.Build.0 = Release|Any CPU
		{AFC4AFA1-B225-430B-A578-F3342868ACF8}.Debug|Any CPU.ActiveCfg = Debug|Any CPU
		{AFC4AFA1-B225-430B-A578-F3342868ACF8}.Debug|Any CPU.Build.0 = Debug|Any CPU
		{AFC4AFA1-B225-430B-A578-F3342868ACF8}.Release|Any CPU.ActiveCfg = Release|Any CPU
		{AFC4AFA1-B225-430B-A578-F3342868ACF8}.Release|Any CPU.Build.0 = Release|Any CPU
		{4BD32562-D3C6-427D-9A8E-B8764DE6F09F}.Debug|Any CPU.ActiveCfg = Debug|Any CPU
		{4BD32562-D3C6-427D-9A8E-B8764DE6F09F}.Debug|Any CPU.Build.0 = Debug|Any CPU
		{4BD32562-D3C6-427D-9A8E-B8764DE6F09F}.Release|Any CPU.ActiveCfg = Release|Any CPU
		{4BD32562-D3C6-427D-9A8E-B8764DE6F09F}.Release|Any CPU.Build.0 = Release|Any CPU
	EndGlobalSection
	GlobalSection(SolutionProperties) = preSolution
		HideSolutionNode = FALSE
	EndGlobalSection
	GlobalSection(ExtensibilityGlobals) = postSolution
		SolutionGuid = {6DB6386A-5B07-4880-B9EF-11B5DB99AC9E}
	EndGlobalSection
EndGlobal
